version = 1
requires-python = ">=3.13"

[[package]]
name = "casttube"
version = "0.2.1"
source = { registry = "https://pypi.org/simple" }
dependencies = [
    { name = "requests" },
]
sdist = { url = "https://files.pythonhosted.org/packages/78/54/f7e80d701c587940cf1c871fb6327b4a2682df4287896fbf9400cd0bbf21/casttube-0.2.1.tar.gz", hash = "sha256:54d2af8c7949aa9c5db87fb11ef0a478a5d3e7ac6d2d2ac8dd1711e3a516fc82", size = 5182 }
wheels = [
    { url = "https://files.pythonhosted.org/packages/0a/d2/0f5006892e07ea342d57dbeda46027e99a097ffb6218bee1e37f9776ed95/casttube-0.2.1-py3-none-any.whl", hash = "sha256:36f118007f9eead3959cf30de03c1640b53a263569ff2a3971c0521826c835b2", size = 6513 },
]

[[package]]
name = "certifi"
version = "2025.6.15"
source = { registry = "https://pypi.org/simple" }
sdist = { url = "https://files.pythonhosted.org/packages/73/f7/f14b46d4bcd21092d7d3ccef689615220d8a08fb25e564b65d20738e672e/certifi-2025.6.15.tar.gz", hash = "sha256:d747aa5a8b9bbbb1bb8c22bb13e22bd1f18e9796defa16bab421f7f7a317323b", size = 158753 }
wheels = [
    { url = "https://files.pythonhosted.org/packages/84/ae/320161bd181fc06471eed047ecce67b693fd7515b16d495d8932db763426/certifi-2025.6.15-py3-none-any.whl", hash = "sha256:2e0c7ce7cb5d8f8634ca55d2ba7e6ec2689a2fd6537d8dec1296a477a4910057", size = 157650 },
]

[[package]]
name = "charset-normalizer"
version = "3.4.2"
source = { registry = "https://pypi.org/simple" }
sdist = { url = "https://files.pythonhosted.org/packages/e4/33/89c2ced2b67d1c2a61c19c6751aa8902d46ce3dacb23600a283619f5a12d/charset_normalizer-3.4.2.tar.gz", hash = "sha256:5baececa9ecba31eff645232d59845c07aa030f0c81ee70184a90d35099a0e63", size = 126367 }
wheels = [
    { url = "https://files.pythonhosted.org/packages/ea/12/a93df3366ed32db1d907d7593a94f1fe6293903e3e92967bebd6950ed12c/charset_normalizer-3.4.2-cp313-cp313-macosx_10_13_universal2.whl", hash = "sha256:926ca93accd5d36ccdabd803392ddc3e03e6d4cd1cf17deff3b989ab8e9dbcf0", size = 199622 },
    { url = "https://files.pythonhosted.org/packages/04/93/bf204e6f344c39d9937d3c13c8cd5bbfc266472e51fc8c07cb7f64fcd2de/charset_normalizer-3.4.2-cp313-cp313-manylinux_2_17_aarch64.manylinux2014_aarch64.whl", hash = "sha256:eba9904b0f38a143592d9fc0e19e2df0fa2e41c3c3745554761c5f6447eedabf", size = 143435 },
    { url = "https://files.pythonhosted.org/packages/22/2a/ea8a2095b0bafa6c5b5a55ffdc2f924455233ee7b91c69b7edfcc9e02284/charset_normalizer-3.4.2-cp313-cp313-manylinux_2_17_ppc64le.manylinux2014_ppc64le.whl", hash = "sha256:3fddb7e2c84ac87ac3a947cb4e66d143ca5863ef48e4a5ecb83bd48619e4634e", size = 153653 },
    { url = "https://files.pythonhosted.org/packages/b6/57/1b090ff183d13cef485dfbe272e2fe57622a76694061353c59da52c9a659/charset_normalizer-3.4.2-cp313-cp313-manylinux_2_17_s390x.manylinux2014_s390x.whl", hash = "sha256:98f862da73774290f251b9df8d11161b6cf25b599a66baf087c1ffe340e9bfd1", size = 146231 },
    { url = "https://files.pythonhosted.org/packages/e2/28/ffc026b26f441fc67bd21ab7f03b313ab3fe46714a14b516f931abe1a2d8/charset_normalizer-3.4.2-cp313-cp313-manylinux_2_17_x86_64.manylinux2014_x86_64.whl", hash = "sha256:6c9379d65defcab82d07b2a9dfbfc2e95bc8fe0ebb1b176a3190230a3ef0e07c", size = 148243 },
    { url = "https://files.pythonhosted.org/packages/c0/0f/9abe9bd191629c33e69e47c6ef45ef99773320e9ad8e9cb08b8ab4a8d4cb/charset_normalizer-3.4.2-cp313-cp313-manylinux_2_5_i686.manylinux1_i686.manylinux_2_17_i686.manylinux2014_i686.whl", hash = "sha256:e635b87f01ebc977342e2697d05b56632f5f879a4f15955dfe8cef2448b51691", size = 150442 },
    { url = "https://files.pythonhosted.org/packages/67/7c/a123bbcedca91d5916c056407f89a7f5e8fdfce12ba825d7d6b9954a1a3c/charset_normalizer-3.4.2-cp313-cp313-musllinux_1_2_aarch64.whl", hash = "sha256:1c95a1e2902a8b722868587c0e1184ad5c55631de5afc0eb96bc4b0d738092c0", size = 145147 },
    { url = "https://files.pythonhosted.org/packages/ec/fe/1ac556fa4899d967b83e9893788e86b6af4d83e4726511eaaad035e36595/charset_normalizer-3.4.2-cp313-cp313-musllinux_1_2_i686.whl", hash = "sha256:ef8de666d6179b009dce7bcb2ad4c4a779f113f12caf8dc77f0162c29d20490b", size = 153057 },
    { url = "https://files.pythonhosted.org/packages/2b/ff/acfc0b0a70b19e3e54febdd5301a98b72fa07635e56f24f60502e954c461/charset_normalizer-3.4.2-cp313-cp313-musllinux_1_2_ppc64le.whl", hash = "sha256:32fc0341d72e0f73f80acb0a2c94216bd704f4f0bce10aedea38f30502b271ff", size = 156454 },
    { url = "https://files.pythonhosted.org/packages/92/08/95b458ce9c740d0645feb0e96cea1f5ec946ea9c580a94adfe0b617f3573/charset_normalizer-3.4.2-cp313-cp313-musllinux_1_2_s390x.whl", hash = "sha256:289200a18fa698949d2b39c671c2cc7a24d44096784e76614899a7ccf2574b7b", size = 154174 },
    { url = "https://files.pythonhosted.org/packages/78/be/8392efc43487ac051eee6c36d5fbd63032d78f7728cb37aebcc98191f1ff/charset_normalizer-3.4.2-cp313-cp313-musllinux_1_2_x86_64.whl", hash = "sha256:4a476b06fbcf359ad25d34a057b7219281286ae2477cc5ff5e3f70a246971148", size = 149166 },
    { url = "https://files.pythonhosted.org/packages/44/96/392abd49b094d30b91d9fbda6a69519e95802250b777841cf3bda8fe136c/charset_normalizer-3.4.2-cp313-cp313-win32.whl", hash = "sha256:aaeeb6a479c7667fbe1099af9617c83aaca22182d6cf8c53966491a0f1b7ffb7", size = 98064 },
    { url = "https://files.pythonhosted.org/packages/e9/b0/0200da600134e001d91851ddc797809e2fe0ea72de90e09bec5a2fbdaccb/charset_normalizer-3.4.2-cp313-cp313-win_amd64.whl", hash = "sha256:aa6af9e7d59f9c12b33ae4e9450619cf2488e2bbe9b44030905877f0b2324980", size = 105641 },
    { url = "https://files.pythonhosted.org/packages/20/94/c5790835a017658cbfabd07f3bfb549140c3ac458cfc196323996b10095a/charset_normalizer-3.4.2-py3-none-any.whl", hash = "sha256:7f56930ab0abd1c45cd15be65cc741c28b1c9a34876ce8c17a2fa107810c0af0", size = 52626 },
]

[[package]]
name = "chrome-volume-down"
version = "0.1.0"
source = { virtual = "." }
dependencies = [
    { name = "pychromecast" },
    { name = "python-dotenv" },
]

[package.metadata]
requires-dist = [
    { name = "pychromecast", specifier = ">=14.0.7" },
    { name = "python-dotenv", specifier = ">=1.0.0" },
]

[[package]]
name = "idna"
version = "3.10"
source = { registry = "https://pypi.org/simple" }
sdist = { url = "https://files.pythonhosted.org/packages/f1/70/7703c29685631f5a7590aa73f1f1d3fa9a380e654b86af429e0934a32f7d/idna-3.10.tar.gz", hash = "sha256:12f65c9b470abda6dc35cf8e63cc574b1c52b11df2c86030af0ac09b01b13ea9", size = 190490 }
wheels = [
    { url = "https://files.pythonhosted.org/packages/76/c6/c88e154df9c4e1a2a66ccf0005a88dfb2650c1dffb6f5ce603dfbd452ce3/idna-3.10-py3-none-any.whl", hash = "sha256:946d195a0d259cbba61165e88e65941f16e9b36ea6ddb97f00452bae8b1287d3", size = 70442 },
]

[[package]]
name = "ifaddr"
version = "0.2.0"
source = { registry = "https://pypi.org/simple" }
sdist = { url = "https://files.pythonhosted.org/packages/e8/ac/fb4c578f4a3256561548cd825646680edcadb9440f3f68add95ade1eb791/ifaddr-0.2.0.tar.gz", hash = "sha256:cc0cbfcaabf765d44595825fb96a99bb12c79716b73b44330ea38ee2b0c4aed4", size = 10485 }
wheels = [
    { url = "https://files.pythonhosted.org/packages/9c/1f/19ebc343cc71a7ffa78f17018535adc5cbdd87afb31d7c34874680148b32/ifaddr-0.2.0-py3-none-any.whl", hash = "sha256:085e0305cfe6f16ab12d72e2024030f5d52674afad6911bb1eee207177b8a748", size = 12314 },
]

[[package]]
name = "protobuf"
version = "6.31.1"
source = { registry = "https://pypi.org/simple" }
sdist = { url = "https://files.pythonhosted.org/packages/52/f3/b9655a711b32c19720253f6f06326faf90580834e2e83f840472d752bc8b/protobuf-6.31.1.tar.gz", hash = "sha256:d8cac4c982f0b957a4dc73a80e2ea24fab08e679c0de9deb835f4a12d69aca9a", size = 441797 }
wheels = [
    { url = "https://files.pythonhosted.org/packages/f3/6f/6ab8e4bf962fd5570d3deaa2d5c38f0a363f57b4501047b5ebeb83ab1125/protobuf-6.31.1-cp310-abi3-win32.whl", hash = "sha256:7fa17d5a29c2e04b7d90e5e32388b8bfd0e7107cd8e616feef7ed3fa6bdab5c9", size = 423603 },
    { url = "https://files.pythonhosted.org/packages/44/3a/b15c4347dd4bf3a1b0ee882f384623e2063bb5cf9fa9d57990a4f7df2fb6/protobuf-6.31.1-cp310-abi3-win_amd64.whl", hash = "sha256:426f59d2964864a1a366254fa703b8632dcec0790d8862d30034d8245e1cd447", size = 435283 },
    { url = "https://files.pythonhosted.org/packages/6a/c9/b9689a2a250264a84e66c46d8862ba788ee7a641cdca39bccf64f59284b7/protobuf-6.31.1-cp39-abi3-macosx_10_9_universal2.whl", hash = "sha256:6f1227473dc43d44ed644425268eb7c2e488ae245d51c6866d19fe158e207402", size = 425604 },
    { url = "https://files.pythonhosted.org/packages/76/a1/7a5a94032c83375e4fe7e7f56e3976ea6ac90c5e85fac8576409e25c39c3/protobuf-6.31.1-cp39-abi3-manylinux2014_aarch64.whl", hash = "sha256:a40fc12b84c154884d7d4c4ebd675d5b3b5283e155f324049ae396b95ddebc39", size = 322115 },
    { url = "https://files.pythonhosted.org/packages/fa/b1/b59d405d64d31999244643d88c45c8241c58f17cc887e73bcb90602327f8/protobuf-6.31.1-cp39-abi3-manylinux2014_x86_64.whl", hash = "sha256:4ee898bf66f7a8b0bd21bce523814e6fbd8c6add948045ce958b73af7e8878c6", size = 321070 },
    { url = "https://files.pythonhosted.org/packages/f7/af/ab3c51ab7507a7325e98ffe691d9495ee3d3aa5f589afad65ec920d39821/protobuf-6.31.1-py3-none-any.whl", hash = "sha256:720a6c7e6b77288b85063569baae8536671b39f15cc22037ec7045658d80489e", size = 168724 },
]

[[package]]
name = "pychromecast"
version = "14.0.7"
source = { registry = "https://pypi.org/simple" }
dependencies = [
    { name = "casttube" },
    { name = "protobuf" },
    { name = "zeroconf" },
]
sdist = { url = "https://files.pythonhosted.org/packages/c6/aa/0298ad9a60b888ccf15685c9654562000e55a1c7abaf72d9300c7b887824/pychromecast-14.0.7.tar.gz", hash = "sha256:7abbae80a2c9e05b93b1a7b8b4d771bbc764d88fd5e56a566f46ac1bd3f93848", size = 61421 }
wheels = [
    { url = "https://files.pythonhosted.org/packages/6d/45/0fa6e6897eb7345f290268ce1e974e11d4916d34eae25f94655440f86ef0/pychromecast-14.0.7-py2.py3-none-any.whl", hash = "sha256:770438752f4bc4b43bb9615409301477547074874e2b457de8375621ed32941a", size = 77278 },
]

[[package]]
name = "python-dotenv"
version = "1.1.0"
source = { registry = "https://pypi.org/simple" }
sdist = { url = "https://files.pythonhosted.org/packages/88/2c/7bb1416c5620485aa793f2de31d3df393d3686aa8a8506d11e10e13c5baf/python_dotenv-1.1.0.tar.gz", hash = "sha256:41f90bc6f5f177fb41f53e87666db362025010eb28f60a01c9143bfa33a2b2d5", size = 39920 }
wheels = [
    { url = "https://files.pythonhosted.org/packages/1e/18/98a99ad95133c6a6e2005fe89faedf294a748bd5dc803008059409ac9b1e/python_dotenv-1.1.0-py3-none-any.whl", hash = "sha256:d7c01d9e2293916c18baf562d95698754b0dbbb5e74d457c45d4f6561fb9d55d", size = 20256 },
]

[[package]]
name = "requests"
version = "2.32.4"
source = { registry = "https://pypi.org/simple" }
dependencies = [
    { name = "certifi" },
    { name = "charset-normalizer" },
    { name = "idna" },
    { name = "urllib3" },
]
sdist = { url = "https://files.pythonhosted.org/packages/e1/0a/929373653770d8a0d7ea76c37de6e41f11eb07559b103b1c02cafb3f7cf8/requests-2.32.4.tar.gz", hash = "sha256:27d0316682c8a29834d3264820024b62a36942083d52caf2f14c0591336d3422", size = 135258 }
wheels = [
    { url = "https://files.pythonhosted.org/packages/7c/e4/56027c4a6b4ae70ca9de302488c5ca95ad4a39e190093d6c1a8ace08341b/requests-2.32.4-py3-none-any.whl", hash = "sha256:27babd3cda2a6d50b30443204ee89830707d396671944c998b5975b031ac2b2c", size = 64847 },
]

[[package]]
name = "urllib3"
version = "2.4.0"
source = { registry = "https://pypi.org/simple" }
sdist = { url = "https://files.pythonhosted.org/packages/8a/78/16493d9c386d8e60e442a35feac5e00f0913c0f4b7c217c11e8ec2ff53e0/urllib3-2.4.0.tar.gz", hash = "sha256:414bc6535b787febd7567804cc015fee39daab8ad86268f1310a9250697de466", size = 390672 }
wheels = [
    { url = "https://files.pythonhosted.org/packages/6b/11/cc635220681e93a0183390e26485430ca2c7b5f9d33b15c74c2861cb8091/urllib3-2.4.0-py3-none-any.whl", hash = "sha256:4e16665048960a0900c702d4a66415956a584919c03361cac9f1df5c5dd7e813", size = 128680 },
]

[[package]]
name = "zeroconf"
version = "0.147.0"
source = { registry = "https://pypi.org/simple" }
dependencies = [
    { name = "ifaddr" },
]
sdist = { url = "https://files.pythonhosted.org/packages/e2/78/f681afade2a4e7a9ade696cf3d3dcd9905e28720d74c16cafb83b5dd5c0a/zeroconf-0.147.0.tar.gz", hash = "sha256:f517375de6bf2041df826130da41dc7a3e8772176d3076a5da58854c7d2e8d7a", size = 163958 }
wheels = [
    { url = "https://files.pythonhosted.org/packages/ad/83/c6ee14c962b79f616f8f987a52244e877647db3846007fc167f481a81b7d/zeroconf-0.147.0-cp313-cp313-macosx_10_13_x86_64.whl", hash = "sha256:1deedbedea7402754b3a1a05a2a1c881443451ccd600b2a7f979e97dd9fcbe6d", size = 1841229 },
    { url = "https://files.pythonhosted.org/packages/91/c0/42c08a8b2c5b6052d48a5517a5d05076b8ee2c0a458ea9bd5e0e2be38c01/zeroconf-0.147.0-cp313-cp313-macosx_11_0_arm64.whl", hash = "sha256:5c57d551e65a2a9b6333b685e3b074601f6e85762e4b4a490c663f1f2e215b24", size = 1697806 },
    { url = "https://files.pythonhosted.org/packages/bf/79/d9b440786d62626f2ca4bd692b6c2bbd1e70e1124c56321bac6a2212a5eb/zeroconf-0.147.0-cp313-cp313-manylinux_2_17_aarch64.manylinux2014_aarch64.whl", hash = "sha256:095bdb0cd369355ff919e3be930991b38557baaa8292d82f4a4a8567a3944f05", size = 2141482 },
    { url = "https://files.pythonhosted.org/packages/48/12/ab7d31620892a7f4d446a3f0261ddb1198318348c039b4a5ec7d9d09579c/zeroconf-0.147.0-cp313-cp313-manylinux_2_17_i686.manylinux_2_5_i686.manylinux1_i686.manylinux2014_i686.whl", hash = "sha256:8ae0fe0bb947b3a128af586c76a16b5a7d027daa65e67637b042c745f9b136c4", size = 2315614 },
    { url = "https://files.pythonhosted.org/packages/7b/48/2de072ee42e36328e1d80408b70eddf3df0a5b9640db188caa363b3e120f/zeroconf-0.147.0-cp313-cp313-manylinux_2_17_x86_64.manylinux2014_x86_64.whl", hash = "sha256:6cbeea4d8d0c4f6eb5a82099d53f5729b628685039a44c1a84422080f8ec5b0d", size = 2259809 },
    { url = "https://files.pythonhosted.org/packages/02/ec/3344b1ed4e60b36dd73cb66c36299c83a356e853e728c68314061498e9cd/zeroconf-0.147.0-cp313-cp313-manylinux_2_31_armv7l.manylinux_2_17_armv7l.manylinux2014_armv7l.whl", hash = "sha256:728f82417800c5c5dd3298f65cf7a8fef1707123b457d3832dbdf17d38f68840", size = 2096364 },
    { url = "https://files.pythonhosted.org/packages/cd/30/5f34363e2d3c25a78fc925edcc5d45d332296a756d698ccfc060bba8a7aa/zeroconf-0.147.0-cp313-cp313-manylinux_2_36_x86_64.whl", hash = "sha256:a2dc9ae96cd49b50d651a78204aafe9f41e907122dc98e719be5376b4dddec6f", size = 2307868 },
    { url = "https://files.pythonhosted.org/packages/1b/a8/9b4242ae78bd271520e019faf47d8a2b36242b3b1a7fd47ee7510d380734/zeroconf-0.147.0-cp313-cp313-musllinux_1_2_aarch64.whl", hash = "sha256:e9570ab3203cc4bd3ad023737ef4339558cdf1f33a5d45d76ed3fe77e5fa5f57", size = 2295063 },
    { url = "https://files.pythonhosted.org/packages/9d/e6/b63e4e09d71e94bfe0d30c6fc80b0e67e3845eb630bcfb056626db070776/zeroconf-0.147.0-cp313-cp313-musllinux_1_2_armv7l.whl", hash = "sha256:fd783d9bac258e79d07e2bd164c1962b8f248579392b5078fd607e7bb6760b53", size = 2152284 },
    { url = "https://files.pythonhosted.org/packages/72/12/42b990cb7ad997eb9f9fff15c61abff022adc44f5d1e96bd712ed6cd85ab/zeroconf-0.147.0-cp313-cp313-musllinux_1_2_i686.whl", hash = "sha256:b4acc76063cc379774db407dce0263616518bb5135057eb5eeafc447b3c05a81", size = 2498559 },
    { url = "https://files.pythonhosted.org/packages/99/f9/080619bfcfc353deeb8cf7e813eaf73e8e28ff9a8ca7b97b9f0ecbf4d1d6/zeroconf-0.147.0-cp313-cp313-musllinux_1_2_x86_64.whl", hash = "sha256:acc5334cb6cb98db3917bf9a3d6b6b7fdd205f8a74fd6f4b885abb4f61098857", size = 2456548 },
    { url = "https://files.pythonhosted.org/packages/35/b6/a25b703f418200edd6932d56bbd32cbd087b828579cf223348fa778fb1ff/zeroconf-0.147.0-cp313-cp313-win32.whl", hash = "sha256:7c52c523aa756e67bf18d46db298a5964291f7d868b4a970163432e7d745b992", size = 1427188 },
    { url = "https://files.pythonhosted.org/packages/a0/e1/ba463435cdb0b38088eae56d508ec6128b9012f58cedab145b1b77e51316/zeroconf-0.147.0-cp313-cp313-win_amd64.whl", hash = "sha256:60f623af0e45fba69f5fe80d7b300c913afe7928fb43f4b9757f0f76f80f0d82", size = 1655531 },
]
